// !$*UTF8*$!
{
	archiveVersion = 1;
	classes = {
	};
	objectVersion = 77;
	objects = {

/* Begin PBXBuildFile section */
		05082E5C2F792FB90016C704 /* KSCommandParser.swift in Sources */ = {isa = PBXBuildFile; fileRef = 05082E5B2F792FB90016C704 /* KSCommandParser.swift */; };
		05082E5D2F792FB90016C704 /* KSCommandParser.swift in Sources */ = {isa = PBXBuildFile; fileRef = 05082E5B2F792FB90016C704 /* KSCommandParser.swift */; };
		05082E772F7965160016C704 /* KSCommandToken.swift in Sources */ = {isa = PBXBuildFile; fileRef = 05082E762F7965160016C704 /* KSCommandToken.swift */; };
		05082E782F7965160016C704 /* KSCommandToken.swift in Sources */ = {isa = PBXBuildFile; fileRef = 05082E762F7965160016C704 /* KSCommandToken.swift */; };
		050E28022F912C7C00EC5CCE /* KSCommandLineEditor.swift in Sources */ = {isa = PBXBuildFile; fileRef = 050E28012F912C7C00EC5CCE /* KSCommandLineEditor.swift */; };
		050E28032F912C7C00EC5CCE /* KSCommandLineEditor.swift in Sources */ = {isa = PBXBuildFile; fileRef = 050E28012F912C7C00EC5CCE /* KSCommandLineEditor.swift */; };
		050E28072F92727500EC5CCE /* MultiDataKit.framework in Frameworks */ = {isa = PBXBuildFile; fileRef = 050E28062F92727400EC5CCE /* MultiDataKit.framework */; };
		050E280F2F92740E00EC5CCE /* ShellKit.framework in Frameworks */ = {isa = PBXBuildFile; fileRef = 050E280E2F92740E00EC5CCE /* ShellKit.framework */; };
		054603DB2F5D9AC3005CFCF9 /* KSShell.swift in Sources */ = {isa = PBXBuildFile; fileRef = 054603D92F5D9AC3005CFCF9 /* KSShell.swift */; };
		054603E12F5D9B3A005CFCF9 /* KSShell.swift in Sources */ = {isa = PBXBuildFile; fileRef = 054603D92F5D9AC3005CFCF9 /* KSShell.swift */; };
		0557D6F72F951D4D0058C7E6 /* KSCommand.swift in Sources */ = {isa = PBXBuildFile; fileRef = 0557D6F62F951D4D0058C7E6 /* KSCommand.swift */; };
		0557D6F82F951D4D0058C7E6 /* KSCommand.swift in Sources */ = {isa = PBXBuildFile; fileRef = 0557D6F62F951D4D0058C7E6 /* KSCommand.swift */; };
		05AA7CCF2F6D24AA004BADB7 /* KSPrompt.swift in Sources */ = {isa = PBXBuildFile; fileRef = 05AA7CCE2F6D24AA004BADB7 /* KSPrompt.swift */; };
		05AA7CD02F6D24AA004BADB7 /* KSPrompt.swift in Sources */ = {isa = PBXBuildFile; fileRef = 05AA7CCE2F6D24AA004BADB7 /* KSPrompt.swift */; };
		05DC6B1A2F66319D00E134DA /* MultiDataKit.xcframework in Frameworks */ = {isa = PBXBuildFile; fileRef = 05DC6B192F66319D00E134DA /* MultiDataKit.xcframework */; };
		05DC6B1B2F66319D00E134DA /* MultiDataKit.xcframework in Embed Frameworks */ = {isa = PBXBuildFile; fileRef = 05DC6B192F66319D00E134DA /* MultiDataKit.xcframework */; settings = {ATTRIBUTES = (CodeSignOnCopy, RemoveHeadersOnCopy, ); }; };
		05DC6B1D2F6631D000E134DA /* MultiDataKit.xcframework in Frameworks */ = {isa = PBXBuildFile; fileRef = 05DC6B192F66319D00E134DA /* MultiDataKit.xcframework */; };
		05DC6B1E2F6631D000E134DA /* MultiDataKit.xcframework in Embed Frameworks */ = {isa = PBXBuildFile; fileRef = 05DC6B192F66319D00E134DA /* MultiDataKit.xcframework */; settings = {ATTRIBUTES = (CodeSignOnCopy, RemoveHeadersOnCopy, ); }; };
		05DC6B502F66373A00E134DA /* KSReadLine.swift in Sources */ = {isa = PBXBuildFile; fileRef = 05DC6B4F2F66373A00E134DA /* KSReadLine.swift */; };
		05DC6B512F66373A00E134DA /* KSReadLine.swift in Sources */ = {isa = PBXBuildFile; fileRef = 05DC6B4F2F66373A00E134DA /* KSReadLine.swift */; };
/* End PBXBuildFile section */

/* Begin PBXContainerItemProxy section */
		059ECCF32F92E85900EB9CA0 /* PBXContainerItemProxy */ = {
			isa = PBXContainerItemProxy;
			containerPortal = 05E842F22F5CF6490021856B /* Project object */;
			proxyType = 1;
			remoteGlobalIDString = 05DC6B202F66324100E134DA;
			remoteInfo = Install;
		};
		05DC6B242F66325200E134DA /* PBXContainerItemProxy */ = {
			isa = PBXContainerItemProxy;
			containerPortal = 05E842F22F5CF6490021856B /* Project object */;
			proxyType = 1;
			remoteGlobalIDString = 05E8430B2F5CFBA50021856B;
			remoteInfo = ShellKit_iOS;
		};
		05DC6B262F66325200E134DA /* PBXContainerItemProxy */ = {
			isa = PBXContainerItemProxy;
			containerPortal = 05E842F22F5CF6490021856B /* Project object */;
			proxyType = 1;
			remoteGlobalIDString = 05E842FA2F5CF6490021856B;
			remoteInfo = ShellKit_macOS;
		};
/* End PBXContainerItemProxy section */

/* Begin PBXCopyFilesBuildPhase section */
		0507EFF62F79E8CF003CBDC0 /* CopyFiles */ = {
			isa = PBXCopyFilesBuildPhase;
			buildActionMask = 2147483647;
			dstPath = /usr/share/man/man1/;
			dstSubfolderSpec = 0;
			files = (
			);
			runOnlyForDeploymentPostprocessing = 1;
		};
		05DC6B1C2F66319D00E134DA /* Embed Frameworks */ = {
			isa = PBXCopyFilesBuildPhase;
			buildActionMask = 2147483647;
			dstPath = "";
			dstSubfolderSpec = 10;
			files = (
				05DC6B1B2F66319D00E134DA /* MultiDataKit.xcframework in Embed Frameworks */,
			);
			name = "Embed Frameworks";
			runOnlyForDeploymentPostprocessing = 0;
		};
		05DC6B1F2F6631D000E134DA /* Embed Frameworks */ = {
			isa = PBXCopyFilesBuildPhase;
			buildActionMask = 2147483647;
			dstPath = "";
			dstSubfolderSpec = 10;
			files = (
				05DC6B1E2F6631D000E134DA /* MultiDataKit.xcframework in Embed Frameworks */,
			);
			name = "Embed Frameworks";
			runOnlyForDeploymentPostprocessing = 0;
		};
/* End PBXCopyFilesBuildPhase section */

/* Begin PBXFileReference section */
		0507EFF82F79E8CF003CBDC0 /* UnitTest */ = {isa = PBXFileReference; explicitFileType = "compiled.mach-o.executable"; includeInIndex = 0; path = UnitTest; sourceTree = BUILT_PRODUCTS_DIR; };
		05082E5B2F792FB90016C704 /* KSCommandParser.swift */ = {isa = PBXFileReference; lastKnownFileType = sourcecode.swift; path = KSCommandParser.swift; sourceTree = "<group>"; };
		05082E762F7965160016C704 /* KSCommandToken.swift */ = {isa = PBXFileReference; lastKnownFileType = sourcecode.swift; path = KSCommandToken.swift; sourceTree = "<group>"; };
		050E28012F912C7C00EC5CCE /* KSCommandLineEditor.swift */ = {isa = PBXFileReference; lastKnownFileType = sourcecode.swift; path = KSCommandLineEditor.swift; sourceTree = "<group>"; };
		050E28062F92727400EC5CCE /* MultiDataKit.framework */ = {isa = PBXFileReference; lastKnownFileType = wrapper.framework; name = MultiDataKit.framework; path = "../../../Library/Frameworks/MultiDataKit.xcframework/macos-arm64_x86_64/MultiDataKit.framework"; sourceTree = "<group>"; };
		050E280A2F9273E200EC5CCE /* ShellKit.xcframework */ = {isa = PBXFileReference; lastKnownFileType = wrapper.xcframework; name = ShellKit.xcframework; path = ../../../Library/Frameworks/ShellKit.xcframework; sourceTree = "<group>"; };
		050E280E2F92740E00EC5CCE /* ShellKit.framework */ = {isa = PBXFileReference; lastKnownFileType = wrapper.framework; name = ShellKit.framework; path = "../../../Library/Frameworks/ShellKit.xcframework/macos-arm64_x86_64/ShellKit.framework"; sourceTree = "<group>"; };
		054603D92F5D9AC3005CFCF9 /* KSShell.swift */ = {isa = PBXFileReference; lastKnownFileType = sourcecode.swift; path = KSShell.swift; sourceTree = "<group>"; };
		0557D6F62F951D4D0058C7E6 /* KSCommand.swift */ = {isa = PBXFileReference; lastKnownFileType = sourcecode.swift; path = KSCommand.swift; sourceTree = "<group>"; };
		05672AA52F5DA9F1003F832E /* ShellKit.md */ = {isa = PBXFileReference; lastKnownFileType = net.daringfireball.markdown; path = ShellKit.md; sourceTree = "<group>"; };
		05AA7CCE2F6D24AA004BADB7 /* KSPrompt.swift */ = {isa = PBXFileReference; lastKnownFileType = sourcecode.swift; path = KSPrompt.swift; sourceTree = "<group>"; };
		05DC6B192F66319D00E134DA /* MultiDataKit.xcframework */ = {isa = PBXFileReference; lastKnownFileType = wrapper.xcframework; name = MultiDataKit.xcframework; path = ../../../Library/Frameworks/MultiDataKit.xcframework; sourceTree = "<group>"; };
		05DC6B4F2F66373A00E134DA /* KSReadLine.swift */ = {isa = PBXFileReference; lastKnownFileType = sourcecode.swift; path = KSReadLine.swift; sourceTree = "<group>"; };
		05E842FB2F5CF6490021856B /* ShellKit.framework */ = {isa = PBXFileReference; explicitFileType = wrapper.framework; includeInIndex = 0; path = ShellKit.framework; sourceTree = BUILT_PRODUCTS_DIR; };
		05E8430C2F5CFBA50021856B /* ShellKit.framework */ = {isa = PBXFileReference; explicitFileType = wrapper.framework; includeInIndex = 0; path = ShellKit.framework; sourceTree = BUILT_PRODUCTS_DIR; };
/* End PBXFileReference section */

/* Begin PBXFileSystemSynchronizedRootGroup section */
		0507EFF92F79E8CF003CBDC0 /* UnitTest */ = {
			isa = PBXFileSystemSynchronizedRootGroup;
			path = UnitTest;
			sourceTree = "<group>";
		};
		05E842FD2F5CF6490021856B /* ShellKit_macOS */ = {
			isa = PBXFileSystemSynchronizedRootGroup;
			path = ShellKit_macOS;
			sourceTree = "<group>";
		};
		05E8430D2F5CFBA50021856B /* ShellKit_iOS */ = {
			isa = PBXFileSystemSynchronizedRootGroup;
			path = ShellKit_iOS;
			sourceTree = "<group>";
		};
/* End PBXFileSystemSynchronizedRootGroup section */

/* Begin PBXFrameworksBuildPhase section */
		0507EFF52F79E8CF003CBDC0 /* Frameworks */ = {
			isa = PBXFrameworksBuildPhase;
			buildActionMask = 2147483647;
			files = (
				050E280F2F92740E00EC5CCE /* ShellKit.framework in Frameworks */,
				050E28072F92727500EC5CCE /* MultiDataKit.framework in Frameworks */,
			);
			runOnlyForDeploymentPostprocessing = 0;
		};
		05E842F82F5CF6490021856B /* Frameworks */ = {
			isa = PBXFrameworksBuildPhase;
			buildActionMask = 2147483647;
			files = (
				05DC6B1A2F66319D00E134DA /* MultiDataKit.xcframework in Frameworks */,
			);
			runOnlyForDeploymentPostprocessing = 0;
		};
		05E843092F5CFBA50021856B /* Frameworks */ = {
			isa = PBXFrameworksBuildPhase;
			buildActionMask = 2147483647;
			files = (
				05DC6B1D2F6631D000E134DA /* MultiDataKit.xcframework in Frameworks */,
			);
			runOnlyForDeploymentPostprocessing = 0;
		};
/* End PBXFrameworksBuildPhase section */

/* Begin PBXGroup section */
		0507EFF32F79E83F003CBDC0 /* Test */ = {
			isa = PBXGroup;
			children = (
				0507EFF92F79E8CF003CBDC0 /* UnitTest */,
			);
			path = Test;
			sourceTree = "<group>";
		};
		0556F9872F5D98C10087D410 /* Source */ = {
			isa = PBXGroup;
			children = (
				054603D92F5D9AC3005CFCF9 /* KSShell.swift */,
				0557D6F62F951D4D0058C7E6 /* KSCommand.swift */,
				050E28012F912C7C00EC5CCE /* KSCommandLineEditor.swift */,
				05082E5B2F792FB90016C704 /* KSCommandParser.swift */,
				05082E762F7965160016C704 /* KSCommandToken.swift */,
				05AA7CCE2F6D24AA004BADB7 /* KSPrompt.swift */,
				05DC6B4F2F66373A00E134DA /* KSReadLine.swift */,
			);
			name = Source;
			path = ../Source;
			sourceTree = "<group>";
		};
		05672AA42F5DA995003F832E /* Documents */ = {
			isa = PBXGroup;
			children = (
				05672AA52F5DA9F1003F832E /* ShellKit.md */,
			);
			name = Documents;
			path = ../Documents;
			sourceTree = "<group>";
		};
		05DC6B182F66319D00E134DA /* Frameworks */ = {
			isa = PBXGroup;
			children = (
				050E280E2F92740E00EC5CCE /* ShellKit.framework */,
				050E280A2F9273E200EC5CCE /* ShellKit.xcframework */,
				050E28062F92727400EC5CCE /* MultiDataKit.framework */,
				05DC6B192F66319D00E134DA /* MultiDataKit.xcframework */,
			);
			name = Frameworks;
			sourceTree = "<group>";
		};
		05E842F12F5CF6490021856B = {
			isa = PBXGroup;
			children = (
				05E842FD2F5CF6490021856B /* ShellKit_macOS */,
				05E8430D2F5CFBA50021856B /* ShellKit_iOS */,
				0556F9872F5D98C10087D410 /* Source */,
				05672AA42F5DA995003F832E /* Documents */,
				05DC6B182F66319D00E134DA /* Frameworks */,
				0507EFF32F79E83F003CBDC0 /* Test */,
				05E842FC2F5CF6490021856B /* Products */,
			);
			sourceTree = "<group>";
		};
		05E842FC2F5CF6490021856B /* Products */ = {
			isa = PBXGroup;
			children = (
				05E842FB2F5CF6490021856B /* ShellKit.framework */,
				05E8430C2F5CFBA50021856B /* ShellKit.framework */,
				0507EFF82F79E8CF003CBDC0 /* UnitTest */,
			);
			name = Products;
			sourceTree = "<group>";
		};
/* End PBXGroup section */

/* Begin PBXHeadersBuildPhase section */
		05E842F62F5CF6490021856B /* Headers */ = {
			isa = PBXHeadersBuildPhase;
			buildActionMask = 2147483647;
			files = (
			);
			runOnlyForDeploymentPostprocessing = 0;
		};
		05E843072F5CFBA50021856B /* Headers */ = {
			isa = PBXHeadersBuildPhase;
			buildActionMask = 2147483647;
			files = (
			);
			runOnlyForDeploymentPostprocessing = 0;
		};
/* End PBXHeadersBuildPhase section */

/* Begin PBXLegacyTarget section */
		05DC6B202F66324100E134DA /* Install */ = {
			isa = PBXLegacyTarget;
			buildArgumentsString = "-f ../Script/Install.mk";
			buildConfigurationList = 05DC6B212F66324100E134DA /* Build configuration list for PBXLegacyTarget "Install" */;
			buildPhases = (
			);
			buildToolPath = /usr/bin/make;
			buildWorkingDirectory = "";
			dependencies = (
				05DC6B252F66325200E134DA /* PBXTargetDependency */,
				05DC6B272F66325200E134DA /* PBXTargetDependency */,
			);
			name = Install;
			packageProductDependencies = (
			);
			passBuildSettingsInEnvironment = 1;
			productName = Install;
		};
/* End PBXLegacyTarget section */

/* Begin PBXNativeTarget section */
		0507EFF72F79E8CF003CBDC0 /* UnitTest */ = {
			isa = PBXNativeTarget;
			buildConfigurationList = 0507EFFC2F79E8CF003CBDC0 /* Build configuration list for PBXNativeTarget "UnitTest" */;
			buildPhases = (
				0507EFF42F79E8CF003CBDC0 /* Sources */,
				0507EFF52F79E8CF003CBDC0 /* Frameworks */,
				0507EFF62F79E8CF003CBDC0 /* CopyFiles */,
			);
			buildRules = (
			);
			dependencies = (
				059ECCF42F92E85900EB9CA0 /* PBXTargetDependency */,
			);
			fileSystemSynchronizedGroups = (
				0507EFF92F79E8CF003CBDC0 /* UnitTest */,
			);
			name = UnitTest;
			packageProductDependencies = (
			);
			productName = UnitTest;
			productReference = 0507EFF82F79E8CF003CBDC0 /* UnitTest */;
			productType = "com.apple.product-type.tool";
		};
		05E842FA2F5CF6490021856B /* ShellKit_macOS */ = {
			isa = PBXNativeTarget;
			buildConfigurationList = 05E843042F5CF6490021856B /* Build configuration list for PBXNativeTarget "ShellKit_macOS" */;
			buildPhases = (
				05E842F62F5CF6490021856B /* Headers */,
				05E842F72F5CF6490021856B /* Sources */,
				05E842F82F5CF6490021856B /* Frameworks */,
				05E842F92F5CF6490021856B /* Resources */,
				05DC6B1C2F66319D00E134DA /* Embed Frameworks */,
			);
			buildRules = (
			);
			dependencies = (
			);
			fileSystemSynchronizedGroups = (
				05E842FD2F5CF6490021856B /* ShellKit_macOS */,
			);
			name = ShellKit_macOS;
			packageProductDependencies = (
			);
			productName = ShellKit;
			productReference = 05E842FB2F5CF6490021856B /* ShellKit.framework */;
			productType = "com.apple.product-type.framework";
		};
		05E8430B2F5CFBA50021856B /* ShellKit_iOS */ = {
			isa = PBXNativeTarget;
			buildConfigurationList = 05E843122F5CFBA50021856B /* Build configuration list for PBXNativeTarget "ShellKit_iOS" */;
			buildPhases = (
				05E843072F5CFBA50021856B /* Headers */,
				05E843082F5CFBA50021856B /* Sources */,
				05E843092F5CFBA50021856B /* Frameworks */,
				05E8430A2F5CFBA50021856B /* Resources */,
				05DC6B1F2F6631D000E134DA /* Embed Frameworks */,
			);
			buildRules = (
			);
			dependencies = (
			);
			fileSystemSynchronizedGroups = (
				05E8430D2F5CFBA50021856B /* ShellKit_iOS */,
			);
			name = ShellKit_iOS;
			packageProductDependencies = (
			);
			productName = ShellKit;
			productReference = 05E8430C2F5CFBA50021856B /* ShellKit.framework */;
			productType = "com.apple.product-type.framework";
		};
/* End PBXNativeTarget section */

/* Begin PBXProject section */
		05E842F22F5CF6490021856B /* Project object */ = {
			isa = PBXProject;
			attributes = {
				BuildIndependentTargetsInParallel = 1;
				LastSwiftUpdateCheck = 2640;
				LastUpgradeCheck = 2640;
				TargetAttributes = {
					0507EFF72F79E8CF003CBDC0 = {
						CreatedOnToolsVersion = 26.4;
					};
					05DC6B202F66324100E134DA = {
						CreatedOnToolsVersion = 26.3;
					};
					05E842FA2F5CF6490021856B = {
						CreatedOnToolsVersion = 26.3;
					};
					05E8430B2F5CFBA50021856B = {
						CreatedOnToolsVersion = 26.3;
					};
				};
			};
			buildConfigurationList = 05E842F52F5CF6490021856B /* Build configuration list for PBXProject "ShellKit" */;
			developmentRegion = en;
			hasScannedForEncodings = 0;
			knownRegions = (
				en,
				Base,
			);
			mainGroup = 05E842F12F5CF6490021856B;
			minimizedProjectReferenceProxies = 1;
			preferredProjectObjectVersion = 77;
			productRefGroup = 05E842FC2F5CF6490021856B /* Products */;
			projectDirPath = "";
			projectRoot = "";
			targets = (
				05E842FA2F5CF6490021856B /* ShellKit_macOS */,
				05E8430B2F5CFBA50021856B /* ShellKit_iOS */,
				05DC6B202F66324100E134DA /* Install */,
				0507EFF72F79E8CF003CBDC0 /* UnitTest */,
			);
		};
/* End PBXProject section */

/* Begin PBXResourcesBuildPhase section */
		05E842F92F5CF6490021856B /* Resources */ = {
			isa = PBXResourcesBuildPhase;
			buildActionMask = 2147483647;
			files = (
			);
			runOnlyForDeploymentPostprocessing = 0;
		};
		05E8430A2F5CFBA50021856B /* Resources */ = {
			isa = PBXResourcesBuildPhase;
			buildActionMask = 2147483647;
			files = (
			);
			runOnlyForDeploymentPostprocessing = 0;
		};
/* End PBXResourcesBuildPhase section */

/* Begin PBXSourcesBuildPhase section */
		0507EFF42F79E8CF003CBDC0 /* Sources */ = {
			isa = PBXSourcesBuildPhase;
			buildActionMask = 2147483647;
			files = (
			);
			runOnlyForDeploymentPostprocessing = 0;
		};
		05E842F72F5CF6490021856B /* Sources */ = {
			isa = PBXSourcesBuildPhase;
			buildActionMask = 2147483647;
			files = (
				05082E5D2F792FB90016C704 /* KSCommandParser.swift in Sources */,
				054603DB2F5D9AC3005CFCF9 /* KSShell.swift in Sources */,
				050E28032F912C7C00EC5CCE /* KSCommandLineEditor.swift in Sources */,
				05AA7CCF2F6D24AA004BADB7 /* KSPrompt.swift in Sources */,
				05DC6B512F66373A00E134DA /* KSReadLine.swift in Sources */,
				05082E772F7965160016C704 /* KSCommandToken.swift in Sources */,
				0557D6F82F951D4D0058C7E6 /* KSCommand.swift in Sources */,
			);
			runOnlyForDeploymentPostprocessing = 0;
		};
		05E843082F5CFBA50021856B /* Sources */ = {
			isa = PBXSourcesBuildPhase;
			buildActionMask = 2147483647;
			files = (
				05082E5C2F792FB90016C704 /* KSCommandParser.swift in Sources */,
				054603E12F5D9B3A005CFCF9 /* KSShell.swift in Sources */,
				050E28022F912C7C00EC5CCE /* KSCommandLineEditor.swift in Sources */,
				05AA7CD02F6D24AA004BADB7 /* KSPrompt.swift in Sources */,
				05DC6B502F66373A00E134DA /* KSReadLine.swift in Sources */,
				05082E782F7965160016C704 /* KSCommandToken.swift in Sources */,
				0557D6F72F951D4D0058C7E6 /* KSCommand.swift in Sources */,
			);
			runOnlyForDeploymentPostprocessing = 0;
		};
/* End PBXSourcesBuildPhase section */

/* Begin PBXTargetDependency section */
		059ECCF42F92E85900EB9CA0 /* PBXTargetDependency */ = {
			isa = PBXTargetDependency;
			target = 05DC6B202F66324100E134DA /* Install */;
			targetProxy = 059ECCF32F92E85900EB9CA0 /* PBXContainerItemProxy */;
		};
		05DC6B252F66325200E134DA /* PBXTargetDependency */ = {
			isa = PBXTargetDependency;
			target = 05E8430B2F5CFBA50021856B /* ShellKit_iOS */;
			targetProxy = 05DC6B242F66325200E134DA /* PBXContainerItemProxy */;
		};
		05DC6B272F66325200E134DA /* PBXTargetDependency */ = {
			isa = PBXTargetDependency;
			target = 05E842FA2F5CF6490021856B /* ShellKit_macOS */;
			targetProxy = 05DC6B262F66325200E134DA /* PBXContainerItemProxy */;
		};
/* End PBXTargetDependency section */

/* Begin XCBuildConfiguration section */
		0507EFFD2F79E8CF003CBDC0 /* Debug */ = {
			isa = XCBuildConfiguration;
			buildSettings = {
				CODE_SIGN_STYLE = Automatic;
				DEVELOPMENT_TEAM = TR2DNF3P93;
				ENABLE_HARDENED_RUNTIME = YES;
				FRAMEWORK_SEARCH_PATHS = (
					"$(inherited)",
					"$(USER_LIBRARY_DIR)/Frameworks/MultiDataKit.xcframework/macos-arm64_x86_64",
					"$(USER_LIBRARY_DIR)/Frameworks/ShellKit.xcframework/macos-arm64_x86_64",
				);
				LD_RUNPATH_SEARCH_PATHS = (
					"$(HOME)/Library/Frameworks/ShellKit.xcframework/macos-arm64_x86_64/ShellKit.framework",
					"$(USER_LIBRARY_DIR)/Frameworks/MultiDataKit.xcframework/macos-arm64_x86_64",
				);
				MACOSX_DEPLOYMENT_TARGET = 26.3;
				PRODUCT_NAME = "$(TARGET_NAME)";
				SWIFT_APPROACHABLE_CONCURRENCY = YES;
				SWIFT_UPCOMING_FEATURE_MEMBER_IMPORT_VISIBILITY = YES;
				SWIFT_VERSION = 5.0;
			};
			name = Debug;
		};
		0507EFFE2F79E8CF003CBDC0 /* Release */ = {
			isa = XCBuildConfiguration;
			buildSettings = {
				CODE_SIGN_STYLE = Automatic;
				DEVELOPMENT_TEAM = TR2DNF3P93;
				ENABLE_HARDENED_RUNTIME = YES;
				FRAMEWORK_SEARCH_PATHS = (
					"$(inherited)",
					"$(USER_LIBRARY_DIR)/Frameworks/MultiDataKit.xcframework/macos-arm64_x86_64",
					"$(USER_LIBRARY_DIR)/Frameworks/ShellKit.xcframework/macos-arm64_x86_64",
				);
				LD_RUNPATH_SEARCH_PATHS = (
					"$(HOME)/Library/Frameworks/ShellKit.xcframework/macos-arm64_x86_64/ShellKit.framework",
					"$(USER_LIBRARY_DIR)/Frameworks/MultiDataKit.xcframework/macos-arm64_x86_64",
				);
				MACOSX_DEPLOYMENT_TARGET = 26.3;
				PRODUCT_NAME = "$(TARGET_NAME)";
				SWIFT_APPROACHABLE_CONCURRENCY = YES;
				SWIFT_UPCOMING_FEATURE_MEMBER_IMPORT_VISIBILITY = YES;
				SWIFT_VERSION = 5.0;
			};
			name = Release;
		};
		05DC6B222F66324100E134DA /* Debug */ = {
			isa = XCBuildConfiguration;
			buildSettings = {
				CODE_SIGN_STYLE = Automatic;
				DEBUGGING_SYMBOLS = YES;
				DEBUG_INFORMATION_FORMAT = dwarf;
				DEVELOPMENT_TEAM = TR2DNF3P93;
				GCC_GENERATE_DEBUGGING_SYMBOLS = YES;
				GCC_OPTIMIZATION_LEVEL = 0;
				OTHER_CFLAGS = "";
				OTHER_LDFLAGS = "";
				PRODUCT_NAME = "$(TARGET_NAME)";
			};
			name = Debug;
		};
		05DC6B232F66324100E134DA /* Release */ = {
			isa = XCBuildConfiguration;
			buildSettings = {
				CODE_SIGN_STYLE = Automatic;
				DEBUG_INFORMATION_FORMAT = "dwarf-with-dsym";
				DEVELOPMENT_TEAM = TR2DNF3P93;
				OTHER_CFLAGS = "";
				OTHER_LDFLAGS = "";
				PRODUCT_NAME = "$(TARGET_NAME)";
			};
			name = Release;
		};
		05E843022F5CF6490021856B /* Debug */ = {
			isa = XCBuildConfiguration;
			buildSettings = {
				ALWAYS_SEARCH_USER_PATHS = NO;
				ASSETCATALOG_COMPILER_GENERATE_SWIFT_ASSET_SYMBOL_EXTENSIONS = YES;
				CLANG_ANALYZER_NONNULL = YES;
				CLANG_ANALYZER_NUMBER_OBJECT_CONVERSION = YES_AGGRESSIVE;
				CLANG_CXX_LANGUAGE_STANDARD = "gnu++20";
				CLANG_ENABLE_MODULES = YES;
				CLANG_ENABLE_OBJC_ARC = YES;
				CLANG_ENABLE_OBJC_WEAK = YES;
				CLANG_WARN_BLOCK_CAPTURE_AUTORELEASING = YES;
				CLANG_WARN_BOOL_CONVERSION = YES;
				CLANG_WARN_COMMA = YES;
				CLANG_WARN_CONSTANT_CONVERSION = YES;
				CLANG_WARN_DEPRECATED_OBJC_IMPLEMENTATIONS = YES;
				CLANG_WARN_DIRECT_OBJC_ISA_USAGE = YES_ERROR;
				CLANG_WARN_DOCUMENTATION_COMMENTS = YES;
				CLANG_WARN_EMPTY_BODY = YES;
				CLANG_WARN_ENUM_CONVERSION = YES;
				CLANG_WARN_INFINITE_RECURSION = YES;
				CLANG_WARN_INT_CONVERSION = YES;
				CLANG_WARN_NON_LITERAL_NULL_CONVERSION = YES;
				CLANG_WARN_OBJC_IMPLICIT_RETAIN_SELF = YES;
				CLANG_WARN_OBJC_LITERAL_CONVERSION = YES;
				CLANG_WARN_OBJC_ROOT_CLASS = YES_ERROR;
				CLANG_WARN_QUOTED_INCLUDE_IN_FRAMEWORK_HEADER = YES;
				CLANG_WARN_RANGE_LOOP_ANALYSIS = YES;
				CLANG_WARN_STRICT_PROTOTYPES = YES;
				CLANG_WARN_SUSPICIOUS_MOVE = YES;
				CLANG_WARN_UNGUARDED_AVAILABILITY = YES_AGGRESSIVE;
				CLANG_WARN_UNREACHABLE_CODE = YES;
				CLANG_WARN__DUPLICATE_METHOD_MATCH = YES;
				COPY_PHASE_STRIP = NO;
				CURRENT_PROJECT_VERSION = 1;
				DEBUG_INFORMATION_FORMAT = dwarf;
				DEVELOPMENT_TEAM = TR2DNF3P93;
				ENABLE_STRICT_OBJC_MSGSEND = YES;
				ENABLE_TESTABILITY = YES;
				ENABLE_USER_SCRIPT_SANDBOXING = YES;
				GCC_C_LANGUAGE_STANDARD = gnu17;
				GCC_DYNAMIC_NO_PIC = NO;
				GCC_NO_COMMON_BLOCKS = YES;
				GCC_OPTIMIZATION_LEVEL = 0;
				GCC_PREPROCESSOR_DEFINITIONS = (
					"DEBUG=1",
					"$(inherited)",
				);
				GCC_WARN_64_TO_32_BIT_CONVERSION = YES;
				GCC_WARN_ABOUT_RETURN_TYPE = YES_ERROR;
				GCC_WARN_UNDECLARED_SELECTOR = YES;
				GCC_WARN_UNINITIALIZED_AUTOS = YES_AGGRESSIVE;
				GCC_WARN_UNUSED_FUNCTION = YES;
				GCC_WARN_UNUSED_VARIABLE = YES;
				LOCALIZATION_PREFERS_STRING_CATALOGS = YES;
				MACOSX_DEPLOYMENT_TARGET = 26.2;
				MTL_ENABLE_DEBUG_INFO = INCLUDE_SOURCE;
				MTL_FAST_MATH = YES;
				ONLY_ACTIVE_ARCH = YES;
				SDKROOT = macosx;
				SWIFT_ACTIVE_COMPILATION_CONDITIONS = "DEBUG $(inherited)";
				SWIFT_OPTIMIZATION_LEVEL = "-Onone";
				VERSIONING_SYSTEM = "apple-generic";
				VERSION_INFO_PREFIX = "";
			};
			name = Debug;
		};
		05E843032F5CF6490021856B /* Release */ = {
			isa = XCBuildConfiguration;
			buildSettings = {
				ALWAYS_SEARCH_USER_PATHS = NO;
				ASSETCATALOG_COMPILER_GENERATE_SWIFT_ASSET_SYMBOL_EXTENSIONS = YES;
				CLANG_ANALYZER_NONNULL = YES;
				CLANG_ANALYZER_NUMBER_OBJECT_CONVERSION = YES_AGGRESSIVE;
				CLANG_CXX_LANGUAGE_STANDARD = "gnu++20";
				CLANG_ENABLE_MODULES = YES;
				CLANG_ENABLE_OBJC_ARC = YES;
				CLANG_ENABLE_OBJC_WEAK = YES;
				CLANG_WARN_BLOCK_CAPTURE_AUTORELEASING = YES;
				CLANG_WARN_BOOL_CONVERSION = YES;
				CLANG_WARN_COMMA = YES;
				CLANG_WARN_CONSTANT_CONVERSION = YES;
				CLANG_WARN_DEPRECATED_OBJC_IMPLEMENTATIONS = YES;
				CLANG_WARN_DIRECT_OBJC_ISA_USAGE = YES_ERROR;
				CLANG_WARN_DOCUMENTATION_COMMENTS = YES;
				CLANG_WARN_EMPTY_BODY = YES;
				CLANG_WARN_ENUM_CONVERSION = YES;
				CLANG_WARN_INFINITE_RECURSION = YES;
				CLANG_WARN_INT_CONVERSION = YES;
				CLANG_WARN_NON_LITERAL_NULL_CONVERSION = YES;
				CLANG_WARN_OBJC_IMPLICIT_RETAIN_SELF = YES;
				CLANG_WARN_OBJC_LITERAL_CONVERSION = YES;
				CLANG_WARN_OBJC_ROOT_CLASS = YES_ERROR;
				CLANG_WARN_QUOTED_INCLUDE_IN_FRAMEWORK_HEADER = YES;
				CLANG_WARN_RANGE_LOOP_ANALYSIS = YES;
				CLANG_WARN_STRICT_PROTOTYPES = YES;
				CLANG_WARN_SUSPICIOUS_MOVE = YES;
				CLANG_WARN_UNGUARDED_AVAILABILITY = YES_AGGRESSIVE;
				CLANG_WARN_UNREACHABLE_CODE = YES;
				CLANG_WARN__DUPLICATE_METHOD_MATCH = YES;
				COPY_PHASE_STRIP = NO;
				CURRENT_PROJECT_VERSION = 1;
				DEBUG_INFORMATION_FORMAT = "dwarf-with-dsym";
				DEVELOPMENT_TEAM = TR2DNF3P93;
				ENABLE_NS_ASSERTIONS = NO;
				ENABLE_STRICT_OBJC_MSGSEND = YES;
				ENABLE_USER_SCRIPT_SANDBOXING = YES;
				GCC_C_LANGUAGE_STANDARD = gnu17;
				GCC_NO_COMMON_BLOCKS = YES;
				GCC_WARN_64_TO_32_BIT_CONVERSION = YES;
				GCC_WARN_ABOUT_RETURN_TYPE = YES_ERROR;
				GCC_WARN_UNDECLARED_SELECTOR = YES;
				GCC_WARN_UNINITIALIZED_AUTOS = YES_AGGRESSIVE;
				GCC_WARN_UNUSED_FUNCTION = YES;
				GCC_WARN_UNUSED_VARIABLE = YES;
				LOCALIZATION_PREFERS_STRING_CATALOGS = YES;
				MACOSX_DEPLOYMENT_TARGET = 26.2;
				MTL_ENABLE_DEBUG_INFO = NO;
				MTL_FAST_MATH = YES;
				SDKROOT = macosx;
				SWIFT_COMPILATION_MODE = wholemodule;
				VERSIONING_SYSTEM = "apple-generic";
				VERSION_INFO_PREFIX = "";
			};
			name = Release;
		};
		05E843052F5CF6490021856B /* Debug */ = {
			isa = XCBuildConfiguration;
			buildSettings = {
				BUILD_LIBRARY_FOR_DISTRIBUTION = YES;
				CODE_SIGN_IDENTITY = "Apple Development";
				CODE_SIGN_STYLE = Automatic;
				COMBINE_HIDPI_IMAGES = YES;
				CURRENT_PROJECT_VERSION = 1;
				DEVELOPMENT_TEAM = TR2DNF3P93;
				DYLIB_COMPATIBILITY_VERSION = 1;
				DYLIB_CURRENT_VERSION = 1;
				DYLIB_INSTALL_NAME_BASE = "@rpath";
				ENABLE_MODULE_VERIFIER = YES;
				GENERATE_INFOPLIST_FILE = YES;
				INFOPLIST_KEY_NSHumanReadableCopyright = "";
				INSTALL_PATH = "$(LOCAL_LIBRARY_DIR)/Frameworks";
				LD_RUNPATH_SEARCH_PATHS = (
					"$(inherited)",
					"@executable_path/../Frameworks",
					"@loader_path/Frameworks",
				);
				MARKETING_VERSION = 1.0;
				MODULE_VERIFIER_SUPPORTED_LANGUAGES = "objective-c objective-c++";
				MODULE_VERIFIER_SUPPORTED_LANGUAGE_STANDARDS = "gnu17 gnu++20";
				PRODUCT_BUNDLE_IDENTIFIER = "com.github.steel-wheels.ShellKit.macOS.ShellKit";
				PRODUCT_NAME = ShellKit;
				PROVISIONING_PROFILE_SPECIFIER = "";
				SKIP_INSTALL = YES;
				STRING_CATALOG_GENERATE_SYMBOLS = YES;
				SWIFT_APPROACHABLE_CONCURRENCY = YES;
				SWIFT_EMIT_LOC_STRINGS = YES;
				SWIFT_INSTALL_MODULE = YES;
				SWIFT_INSTALL_OBJC_HEADER = NO;
				SWIFT_UPCOMING_FEATURE_MEMBER_IMPORT_VISIBILITY = YES;
				SWIFT_VERSION = 5.0;
			};
			name = Debug;
		};
		05E843062F5CF6490021856B /* Release */ = {
			isa = XCBuildConfiguration;
			buildSettings = {
				BUILD_LIBRARY_FOR_DISTRIBUTION = YES;
				CODE_SIGN_IDENTITY = "Apple Development";
				CODE_SIGN_STYLE = Automatic;
				COMBINE_HIDPI_IMAGES = YES;
				CURRENT_PROJECT_VERSION = 1;
				DEVELOPMENT_TEAM = TR2DNF3P93;
				DYLIB_COMPATIBILITY_VERSION = 1;
				DYLIB_CURRENT_VERSION = 1;
				DYLIB_INSTALL_NAME_BASE = "@rpath";
				ENABLE_MODULE_VERIFIER = YES;
				GENERATE_INFOPLIST_FILE = YES;
				INFOPLIST_KEY_NSHumanReadableCopyright = "";
				INSTALL_PATH = "$(LOCAL_LIBRARY_DIR)/Frameworks";
				LD_RUNPATH_SEARCH_PATHS = (
					"$(inherited)",
					"@executable_path/../Frameworks",
					"@loader_path/Frameworks",
				);
				MARKETING_VERSION = 1.0;
				MODULE_VERIFIER_SUPPORTED_LANGUAGES = "objective-c objective-c++";
				MODULE_VERIFIER_SUPPORTED_LANGUAGE_STANDARDS = "gnu17 gnu++20";
				PRODUCT_BUNDLE_IDENTIFIER = "com.github.steel-wheels.ShellKit.macOS.ShellKit";
				PRODUCT_NAME = ShellKit;
				PROVISIONING_PROFILE_SPECIFIER = "";
				SKIP_INSTALL = YES;
				STRING_CATALOG_GENERATE_SYMBOLS = YES;
				SWIFT_APPROACHABLE_CONCURRENCY = YES;
				SWIFT_EMIT_LOC_STRINGS = YES;
				SWIFT_INSTALL_MODULE = YES;
				SWIFT_INSTALL_OBJC_HEADER = NO;
				SWIFT_UPCOMING_FEATURE_MEMBER_IMPORT_VISIBILITY = YES;
				SWIFT_VERSION = 5.0;
			};
			name = Release;
		};
		05E843132F5CFBA50021856B /* Debug */ = {
			isa = XCBuildConfiguration;
			buildSettings = {
				BUILD_LIBRARY_FOR_DISTRIBUTION = YES;
				CODE_SIGN_IDENTITY = "Apple Development";
				CODE_SIGN_STYLE = Automatic;
				CURRENT_PROJECT_VERSION = 1;
				DEVELOPMENT_TEAM = TR2DNF3P93;
				DYLIB_COMPATIBILITY_VERSION = 1;
				DYLIB_CURRENT_VERSION = 1;
				DYLIB_INSTALL_NAME_BASE = "@rpath";
				ENABLE_MODULE_VERIFIER = YES;
				GENERATE_INFOPLIST_FILE = YES;
				INFOPLIST_KEY_NSHumanReadableCopyright = "";
				INSTALL_PATH = "$(LOCAL_LIBRARY_DIR)/Frameworks";
				IPHONEOS_DEPLOYMENT_TARGET = 26.2;
				LD_RUNPATH_SEARCH_PATHS = (
					"$(inherited)",
					"@executable_path/Frameworks",
					"@loader_path/Frameworks",
				);
				MARKETING_VERSION = 1.0;
				MODULE_VERIFIER_SUPPORTED_LANGUAGES = "objective-c objective-c++";
				MODULE_VERIFIER_SUPPORTED_LANGUAGE_STANDARDS = "gnu17 gnu++20";
				PRODUCT_BUNDLE_IDENTIFIER = "com.github.steel-wheels.ShellKit.iOS.ShellKit";
				PRODUCT_NAME = ShellKit;
				PROVISIONING_PROFILE_SPECIFIER = "";
				SDKROOT = iphoneos;
				SKIP_INSTALL = YES;
				STRING_CATALOG_GENERATE_SYMBOLS = YES;
				SUPPORTED_PLATFORMS = "iphoneos iphonesimulator";
				SUPPORTS_MACCATALYST = NO;
				SUPPORTS_MAC_DESIGNED_FOR_IPHONE_IPAD = NO;
				SWIFT_APPROACHABLE_CONCURRENCY = YES;
				SWIFT_EMIT_LOC_STRINGS = YES;
				SWIFT_INSTALL_MODULE = YES;
				SWIFT_INSTALL_OBJC_HEADER = NO;
				SWIFT_UPCOMING_FEATURE_MEMBER_IMPORT_VISIBILITY = YES;
				SWIFT_VERSION = 5.0;
				TARGETED_DEVICE_FAMILY = "1,2";
			};
			name = Debug;
		};
		05E843142F5CFBA50021856B /* Release */ = {
			isa = XCBuildConfiguration;
			buildSettings = {
				BUILD_LIBRARY_FOR_DISTRIBUTION = YES;
				CODE_SIGN_IDENTITY = "Apple Development";
				CODE_SIGN_STYLE = Automatic;
				CURRENT_PROJECT_VERSION = 1;
				DEVELOPMENT_TEAM = TR2DNF3P93;
				DYLIB_COMPATIBILITY_VERSION = 1;
				DYLIB_CURRENT_VERSION = 1;
				DYLIB_INSTALL_NAME_BASE = "@rpath";
				ENABLE_MODULE_VERIFIER = YES;
				GENERATE_INFOPLIST_FILE = YES;
				INFOPLIST_KEY_NSHumanReadableCopyright = "";
				INSTALL_PATH = "$(LOCAL_LIBRARY_DIR)/Frameworks";
				IPHONEOS_DEPLOYMENT_TARGET = 26.2;
				LD_RUNPATH_SEARCH_PATHS = (
					"$(inherited)",
					"@executable_path/Frameworks",
					"@loader_path/Frameworks",
				);
				MARKETING_VERSION = 1.0;
				MODULE_VERIFIER_SUPPORTED_LANGUAGES = "objective-c objective-c++";
				MODULE_VERIFIER_SUPPORTED_LANGUAGE_STANDARDS = "gnu17 gnu++20";
				PRODUCT_BUNDLE_IDENTIFIER = "com.github.steel-wheels.ShellKit.iOS.ShellKit";
				PRODUCT_NAME = ShellKit;
				PROVISIONING_PROFILE_SPECIFIER = "";
				SDKROOT = iphoneos;
				SKIP_INSTALL = YES;
				STRING_CATALOG_GENERATE_SYMBOLS = YES;
				SUPPORTED_PLATFORMS = "iphoneos iphonesimulator";
				SUPPORTS_MACCATALYST = NO;
				SUPPORTS_MAC_DESIGNED_FOR_IPHONE_IPAD = NO;
				SWIFT_APPROACHABLE_CONCURRENCY = YES;
				SWIFT_EMIT_LOC_STRINGS = YES;
				SWIFT_INSTALL_MODULE = YES;
				SWIFT_INSTALL_OBJC_HEADER = NO;
				SWIFT_UPCOMING_FEATURE_MEMBER_IMPORT_VISIBILITY = YES;
				SWIFT_VERSION = 5.0;
				TARGETED_DEVICE_FAMILY = "1,2";
				VALIDATE_PRODUCT = YES;
			};
			name = Release;
		};
/* End XCBuildConfiguration section */

/* Begin XCConfigurationList section */
		0507EFFC2F79E8CF003CBDC0 /* Build configuration list for PBXNativeTarget "UnitTest" */ = {
			isa = XCConfigurationList;
			buildConfigurations = (
				0507EFFD2F79E8CF003CBDC0 /* Debug */,
				0507EFFE2F79E8CF003CBDC0 /* Release */,
			);
			defaultConfigurationIsVisible = 0;
			defaultConfigurationName = Release;
		};
		05DC6B212F66324100E134DA /* Build configuration list for PBXLegacyTarget "Install" */ = {
			isa = XCConfigurationList;
			buildConfigurations = (
				05DC6B222F66324100E134DA /* Debug */,
				05DC6B232F66324100E134DA /* Release */,
			);
			defaultConfigurationIsVisible = 0;
			defaultConfigurationName = Release;
		};
		05E842F52F5CF6490021856B /* Build configuration list for PBXProject "ShellKit" */ = {
			isa = XCConfigurationList;
			buildConfigurations = (
				05E843022F5CF6490021856B /* Debug */,
				05E843032F5CF6490021856B /* Release */,
			);
			defaultConfigurationIsVisible = 0;
			defaultConfigurationName = Release;
		};
		05E843042F5CF6490021856B /* Build configuration list for PBXNativeTarget "ShellKit_macOS" */ = {
			isa = XCConfigurationList;
			buildConfigurations = (
				05E843052F5CF6490021856B /* Debug */,
				05E843062F5CF6490021856B /* Release */,
			);
			defaultConfigurationIsVisible = 0;
			defaultConfigurationName = Release;
		};
		05E843122F5CFBA50021856B /* Build configuration list for PBXNativeTarget "ShellKit_iOS" */ = {
			isa = XCConfigurationList;
			buildConfigurations = (
				05E843132F5CFBA50021856B /* Debug */,
				05E843142F5CFBA50021856B /* Release */,
			);
			defaultConfigurationIsVisible = 0;
			defaultConfigurationName = Release;
		};
/* End XCConfigurationList section */
	};
	rootObject = 05E842F22F5CF6490021856B /* Project object */;
}
